
Microsoft Visual Studio Solution File, Format Version 12.00
# Visual Studio Version 17
VisualStudioVersion = 17.8.34525.116
MinimumVisualStudioVersion = 10.0.40219.1
Project("{FAE04EC0-301F-11D3-BF4B-00C04F79EFBC}") = "ChatNet", "ChatNet\ChatNet.csproj", "{BFCABC9F-7E93-4DA0-A896-DBBB06E1EC13}"
EndProject
Global
	GlobalSection(SolutionConfigurationPlatforms) = preSolution
		Debug|Any CPU = Debug|Any CPU
		Release|Any CPU = Release|Any CPU
	EndGlobalSection
	GlobalSection(ProjectConfigurationPlatforms) = postSolution
		{BFCABC9F-7E93-4DA0-A896-DBBB06E1EC13}.Debug|Any CPU.ActiveCfg = Debug|Any CPU
		{BFCABC9F-7E93-4DA0-A896-DBBB06E1EC13}.Debug|Any CPU.Build.0 = Debug|Any CPU
		{BFCABC9F-7E93-4DA0-A896-DBBB06E1EC13}.Release|Any CPU.ActiveCfg = Release|Any CPU
		{BFCABC9F-7E93-4DA0-A896-DBBB06E1EC13}.Release|Any CPU.Build.0 = Release|Any CPU
	EndGlobalSection
	GlobalSection(SolutionProperties) = preSolution
		HideSolutionNode = FALSE
	EndGlobalSection
	GlobalSection(ExtensibilityGlobals) = postSolution
		SolutionGuid = {EC2E0C6E-A0FC-4FC6-9F3C-9409F8511016}
	EndGlobalSection
EndGlobal
